{
  "name": "dainode1",
  "version": "1.0.0",
  "lockfileVersion": 2,
  "requires": true,
  "packages": {
    "": {
      "name": "dainode1",
      "version": "1.0.0",
      "license": "ISC",
      "dependencies": {
        "countries-list": "^2.6.1",
        "currency-map-country": "^1.0.12",
        "valid-url": "^1.0.9"
      }
    },
    "node_modules/countries-list": {
      "version": "2.6.1",
      "resolved": "https://registry.npmjs.org/countries-list/-/countries-list-2.6.1.tgz",
      "integrity": "sha512-jXM1Nv3U56dPQ1DsUSsEaGmLHburo4fnB7m+1yhWDUVvx5gXCd1ok/y3gXCjXzhqyawG+igcPYcAl4qjkvopaQ=="
    },
    "node_modules/currency-map-country": {
      "version": "1.0.12",
      "resolved": "https://registry.npmjs.org/currency-map-country/-/currency-map-country-1.0.12.tgz",
      "integrity": "sha512-Io8IVKjd7ajZN7IXUudCtIBE+cW92Bi4r5ixK0GOr6OS1mA3TIlEt7vLha4AJti4Il8BTnflfn6/g3wVEhTjYw==",
      "dependencies": {
        "lodash.findkey": "^4.6.0"
      }
    },
    "node_modules/lodash.findkey": {
      "version": "4.6.0",
      "resolved": "https://registry.npmjs.org/lodash.findkey/-/lodash.findkey-4.6.0.tgz",
      "integrity": "sha1-gwWOkDtRy7dZ0JzPVG3qPqOcRxg="
    },
    "node_modules/valid-url": {
      "version": "1.0.9",
      "resolved": "https://registry.npmjs.org/valid-url/-/valid-url-1.0.9.tgz",
      "integrity": "sha1-HBRHm0DxOXp1eC8RXkCGRHQzogA="
    }
  },
  "dependencies": {
    "countries-list": {
      "version": "2.6.1",
      "resolved": "https://registry.npmjs.org/countries-list/-/countries-list-2.6.1.tgz",
      "integrity": "sha512-jXM1Nv3U56dPQ1DsUSsEaGmLHburo4fnB7m+1yhWDUVvx5gXCd1ok/y3gXCjXzhqyawG+igcPYcAl4qjkvopaQ=="
    },
    "currency-map-country": {
      "version": "1.0.12",
      "resolved": "https://registry.npmjs.org/currency-map-country/-/currency-map-country-1.0.12.tgz",
      "integrity": "sha512-Io8IVKjd7ajZN7IXUudCtIBE+cW92Bi4r5ixK0GOr6OS1mA3TIlEt7vLha4AJti4Il8BTnflfn6/g3wVEhTjYw==",
      "requires": {
        "lodash.findkey": "^4.6.0"
      }
    },
    "lodash.findkey": {
      "version": "4.6.0",
      "resolved": "https://registry.npmjs.org/lodash.findkey/-/lodash.findkey-4.6.0.tgz",
      "integrity": "sha1-gwWOkDtRy7dZ0JzPVG3qPqOcRxg="
    },
    "valid-url": {
      "version": "1.0.9",
      "resolved": "https://registry.npmjs.org/valid-url/-/valid-url-1.0.9.tgz",
      "integrity": "sha1-HBRHm0DxOXp1eC8RXkCGRHQzogA="
    }
  }
}
